
Microsoft Visual Studio Solution File, Format Version 12.00
# Visual Studio 14
VisualStudioVersion = 14.0.24720.0
MinimumVisualStudioVersion = 10.0.40219.1
Project("{FAE04EC0-301F-11D3-BF4B-00C04F79EFBC}") = "Stock", "Stock\Stock.csproj", "{0C424ED9-C09D-4D1B-9E82-6D4518F0DFA3}"
EndProject
Project("{FAE04EC0-301F-11D3-BF4B-00C04F79EFBC}") = "DAL", "DAL\DAL.csproj", "{39CBD5EF-3E0D-4957-A5AE-7FA75FA2184B}"
EndProject
Global
	GlobalSection(SolutionConfigurationPlatforms) = preSolution
		Debug|Any CPU = Debug|Any CPU
		Release|Any CPU = Release|Any CPU
	EndGlobalSection
	GlobalSection(ProjectConfigurationPlatforms) = postSolution
		{0C424ED9-C09D-4D1B-9E82-6D4518F0DFA3}.Debug|Any CPU.ActiveCfg = Debug|Any CPU
		{0C424ED9-C09D-4D1B-9E82-6D4518F0DFA3}.Debug|Any CPU.Build.0 = Debug|Any CPU
		{0C424ED9-C09D-4D1B-9E82-6D4518F0DFA3}.Release|Any CPU.ActiveCfg = Release|Any CPU
		{0C424ED9-C09D-4D1B-9E82-6D4518F0DFA3}.Release|Any CPU.Build.0 = Release|Any CPU
		{39CBD5EF-3E0D-4957-A5AE-7FA75FA2184B}.Debug|Any CPU.ActiveCfg = Debug|Any CPU
		{39CBD5EF-3E0D-4957-A5AE-7FA75FA2184B}.Debug|Any CPU.Build.0 = Debug|Any CPU
		{39CBD5EF-3E0D-4957-A5AE-7FA75FA2184B}.Release|Any CPU.ActiveCfg = Release|Any CPU
		{39CBD5EF-3E0D-4957-A5AE-7FA75FA2184B}.Release|Any CPU.Build.0 = Release|Any CPU
	EndGlobalSection
	GlobalSection(SolutionProperties) = preSolution
		HideSolutionNode = FALSE
	EndGlobalSection
EndGlobal
